// !$*UTF8*$!
{
	archiveVersion = 1;
	classes = {
	};
	objectVersion = 50;
	objects = {

/* Begin PBXBuildFile section */
		5A3B24F72624A06D00A8A244 /* Pie.swift in Sources */ = {isa = PBXBuildFile; fileRef = 5A3B24F62624A06D00A8A244 /* Pie.swift */; };
		5A3B24FA2625A52900A8A244 /* Cardify.swift in Sources */ = {isa = PBXBuildFile; fileRef = 5A3B24F92625A52900A8A244 /* Cardify.swift */; };
		5A4390C225F53E9300A92D72 /* Grid.swift in Sources */ = {isa = PBXBuildFile; fileRef = 5A4390C125F53E9300A92D72 /* Grid.swift */; };
		5A4390C525F6543800A92D72 /* GridLayout.swift in Sources */ = {isa = PBXBuildFile; fileRef = 5A4390C425F6543800A92D72 /* GridLayout.swift */; };
		5A4390C825F8CF4300A92D72 /* Array+Identifiable.swift in Sources */ = {isa = PBXBuildFile; fileRef = 5A4390C725F8CF4300A92D72 /* Array+Identifiable.swift */; };
		5A4390CB25FAACC000A92D72 /* Array+Only.swift in Sources */ = {isa = PBXBuildFile; fileRef = 5A4390CA25FAACC000A92D72 /* Array+Only.swift */; };
		5ACB38B226667FAA00B211F4 /* README.md in Resources */ = {isa = PBXBuildFile; fileRef = 5ACB38B126667FAA00B211F4 /* README.md */; };
		5ACB38B52666831700B211F4 /* ThemeChooserView.swift in Sources */ = {isa = PBXBuildFile; fileRef = 5ACB38B42666831700B211F4 /* ThemeChooserView.swift */; };
		5ACB38B82666838100B211F4 /* ThemeChooser.swift in Sources */ = {isa = PBXBuildFile; fileRef = 5ACB38B72666838100B211F4 /* ThemeChooser.swift */; };
		5ACB38C126690EA000B211F4 /* ThemeEditor.swift in Sources */ = {isa = PBXBuildFile; fileRef = 5ACB38C026690EA000B211F4 /* ThemeEditor.swift */; };
		5ACB38C426691D4F00B211F4 /* MemorizeApp.swift in Sources */ = {isa = PBXBuildFile; fileRef = 5ACB38C326691D4F00B211F4 /* MemorizeApp.swift */; };
		5AE540B426064D51000605A3 /* View+Print.swift in Sources */ = {isa = PBXBuildFile; fileRef = 5AE540B326064D51000605A3 /* View+Print.swift */; };
		A54DB0B125EA547A004FE8BC /* EmojiMemoryGameView.swift in Sources */ = {isa = PBXBuildFile; fileRef = A54DB0B025EA547A004FE8BC /* EmojiMemoryGameView.swift */; };
		A54DB0B325EA547B004FE8BC /* Assets.xcassets in Resources */ = {isa = PBXBuildFile; fileRef = A54DB0B225EA547B004FE8BC /* Assets.xcassets */; };
		A54DB0B625EA547B004FE8BC /* Preview Assets.xcassets in Resources */ = {isa = PBXBuildFile; fileRef = A54DB0B525EA547B004FE8BC /* Preview Assets.xcassets */; };
		A54DB0B925EA547B004FE8BC /* LaunchScreen.storyboard in Resources */ = {isa = PBXBuildFile; fileRef = A54DB0B725EA547B004FE8BC /* LaunchScreen.storyboard */; };
		A5DCC46925EBB0FA009E8B00 /* MemoryGame.swift in Sources */ = {isa = PBXBuildFile; fileRef = A5DCC46825EBB0FA009E8B00 /* MemoryGame.swift */; };
		A5DCC46C25EBB360009E8B00 /* EmojiMemoryGame.swift in Sources */ = {isa = PBXBuildFile; fileRef = A5DCC46B25EBB360009E8B00 /* EmojiMemoryGame.swift */; };
/* End PBXBuildFile section */

/* Begin PBXFileReference section */
		5A3B24F62624A06D00A8A244 /* Pie.swift */ = {isa = PBXFileReference; lastKnownFileType = sourcecode.swift; path = Pie.swift; sourceTree = "<group>"; };
		5A3B24F92625A52900A8A244 /* Cardify.swift */ = {isa = PBXFileReference; lastKnownFileType = sourcecode.swift; path = Cardify.swift; sourceTree = "<group>"; };
		5A4390C125F53E9300A92D72 /* Grid.swift */ = {isa = PBXFileReference; lastKnownFileType = sourcecode.swift; path = Grid.swift; sourceTree = "<group>"; };
		5A4390C425F6543800A92D72 /* GridLayout.swift */ = {isa = PBXFileReference; fileEncoding = 4; lastKnownFileType = sourcecode.swift; path = GridLayout.swift; sourceTree = "<group>"; };
		5A4390C725F8CF4300A92D72 /* Array+Identifiable.swift */ = {isa = PBXFileReference; lastKnownFileType = sourcecode.swift; path = "Array+Identifiable.swift"; sourceTree = "<group>"; };
		5A4390CA25FAACC000A92D72 /* Array+Only.swift */ = {isa = PBXFileReference; lastKnownFileType = sourcecode.swift; path = "Array+Only.swift"; sourceTree = "<group>"; };
		5ACB38B126667FAA00B211F4 /* README.md */ = {isa = PBXFileReference; fileEncoding = 4; lastKnownFileType = net.daringfireball.markdown; path = README.md; sourceTree = SOURCE_ROOT; };
		5ACB38B42666831700B211F4 /* ThemeChooserView.swift */ = {isa = PBXFileReference; lastKnownFileType = sourcecode.swift; path = ThemeChooserView.swift; sourceTree = "<group>"; };
		5ACB38B72666838100B211F4 /* ThemeChooser.swift */ = {isa = PBXFileReference; lastKnownFileType = sourcecode.swift; path = ThemeChooser.swift; sourceTree = "<group>"; };
		5ACB38C026690EA000B211F4 /* ThemeEditor.swift */ = {isa = PBXFileReference; lastKnownFileType = sourcecode.swift; path = ThemeEditor.swift; sourceTree = "<group>"; };
		5ACB38C326691D4F00B211F4 /* MemorizeApp.swift */ = {isa = PBXFileReference; lastKnownFileType = sourcecode.swift; path = MemorizeApp.swift; sourceTree = "<group>"; };
		5AE540B326064D51000605A3 /* View+Print.swift */ = {isa = PBXFileReference; lastKnownFileType = sourcecode.swift; path = "View+Print.swift"; sourceTree = "<group>"; };
		A54DB0A925EA547A004FE8BC /* Memorize.app */ = {isa = PBXFileReference; explicitFileType = wrapper.application; includeInIndex = 0; path = Memorize.app; sourceTree = BUILT_PRODUCTS_DIR; };
		A54DB0B025EA547A004FE8BC /* EmojiMemoryGameView.swift */ = {isa = PBXFileReference; lastKnownFileType = sourcecode.swift; path = EmojiMemoryGameView.swift; sourceTree = "<group>"; };
		A54DB0B225EA547B004FE8BC /* Assets.xcassets */ = {isa = PBXFileReference; lastKnownFileType = folder.assetcatalog; path = Assets.xcassets; sourceTree = "<group>"; };
		A54DB0B525EA547B004FE8BC /* Preview Assets.xcassets */ = {isa = PBXFileReference; lastKnownFileType = folder.assetcatalog; path = "Preview Assets.xcassets"; sourceTree = "<group>"; };
		A54DB0B825EA547B004FE8BC /* Base */ = {isa = PBXFileReference; lastKnownFileType = file.storyboard; name = Base; path = Base.lproj/LaunchScreen.storyboard; sourceTree = "<group>"; };
		A54DB0BA25EA547B004FE8BC /* Info.plist */ = {isa = PBXFileReference; lastKnownFileType = text.plist.xml; path = Info.plist; sourceTree = "<group>"; };
		A5DCC46825EBB0FA009E8B00 /* MemoryGame.swift */ = {isa = PBXFileReference; lastKnownFileType = sourcecode.swift; path = MemoryGame.swift; sourceTree = "<group>"; };
		A5DCC46B25EBB360009E8B00 /* EmojiMemoryGame.swift */ = {isa = PBXFileReference; lastKnownFileType = sourcecode.swift; path = EmojiMemoryGame.swift; sourceTree = "<group>"; };
/* End PBXFileReference section */

/* Begin PBXFrameworksBuildPhase section */
		A54DB0A625EA547A004FE8BC /* Frameworks */ = {
			isa = PBXFrameworksBuildPhase;
			buildActionMask = 2147483647;
			files = (
			);
			runOnlyForDeploymentPostprocessing = 0;
		};
/* End PBXFrameworksBuildPhase section */

/* Begin PBXGroup section */
		A54DB0A025EA547A004FE8BC = {
			isa = PBXGroup;
			children = (
				A54DB0AB25EA547A004FE8BC /* Memorize */,
				A54DB0AA25EA547A004FE8BC /* Products */,
			);
			sourceTree = "<group>";
		};
		A54DB0AA25EA547A004FE8BC /* Products */ = {
			isa = PBXGroup;
			children = (
				A54DB0A925EA547A004FE8BC /* Memorize.app */,
			);
			name = Products;
			sourceTree = "<group>";
		};
		A54DB0AB25EA547A004FE8BC /* Memorize */ = {
			isa = PBXGroup;
			children = (
				5ACB38C326691D4F00B211F4 /* MemorizeApp.swift */,
				A54DB0B025EA547A004FE8BC /* EmojiMemoryGameView.swift */,
				5A3B24F92625A52900A8A244 /* Cardify.swift */,
				5A3B24F62624A06D00A8A244 /* Pie.swift */,
				5A4390C125F53E9300A92D72 /* Grid.swift */,
				5A4390C725F8CF4300A92D72 /* Array+Identifiable.swift */,
				5A4390C425F6543800A92D72 /* GridLayout.swift */,
				A5DCC46825EBB0FA009E8B00 /* MemoryGame.swift */,
				5A4390CA25FAACC000A92D72 /* Array+Only.swift */,
				A5DCC46B25EBB360009E8B00 /* EmojiMemoryGame.swift */,
				A54DB0B225EA547B004FE8BC /* Assets.xcassets */,
				A54DB0B725EA547B004FE8BC /* LaunchScreen.storyboard */,
				A54DB0BA25EA547B004FE8BC /* Info.plist */,
				A54DB0B425EA547B004FE8BC /* Preview Content */,
				5AE540B326064D51000605A3 /* View+Print.swift */,
				5ACB38B126667FAA00B211F4 /* README.md */,
				5ACB38C026690EA000B211F4 /* ThemeEditor.swift */,
				5ACB38B42666831700B211F4 /* ThemeChooserView.swift */,
				5ACB38B72666838100B211F4 /* ThemeChooser.swift */,
			);
			path = Memorize;
			sourceTree = "<group>";
		};
		A54DB0B425EA547B004FE8BC /* Preview Content */ = {
			isa = PBXGroup;
			children = (
				A54DB0B525EA547B004FE8BC /* Preview Assets.xcassets */,
			);
			path = "Preview Content";
			sourceTree = "<group>";
		};
/* End PBXGroup section */

/* Begin PBXNativeTarget section */
		A54DB0A825EA547A004FE8BC /* Memorize */ = {
			isa = PBXNativeTarget;
			buildConfigurationList = A54DB0BD25EA547B004FE8BC /* Build configuration list for PBXNativeTarget "Memorize" */;
			buildPhases = (
				A54DB0A525EA547A004FE8BC /* Sources */,
				A54DB0A625EA547A004FE8BC /* Frameworks */,
				A54DB0A725EA547A004FE8BC /* Resources */,
			);
			buildRules = (
			);
			dependencies = (
			);
			name = Memorize;
			productName = HarvardCourse_01;
			productReference = A54DB0A925EA547A004FE8BC /* Memorize.app */;
			productType = "com.apple.product-type.application";
		};
/* End PBXNativeTarget section */

/* Begin PBXProject section */
		A54DB0A125EA547A004FE8BC /* Project object */ = {
			isa = PBXProject;
			attributes = {
				LastSwiftUpdateCheck = 1240;
				LastUpgradeCheck = 1240;
				TargetAttributes = {
					A54DB0A825EA547A004FE8BC = {
						CreatedOnToolsVersion = 12.4;
					};
				};
			};
			buildConfigurationList = A54DB0A425EA547A004FE8BC /* Build configuration list for PBXProject "Memorize" */;
			compatibilityVersion = "Xcode 9.3";
			developmentRegion = en;
			hasScannedForEncodings = 0;
			knownRegions = (
				en,
				Base,
			);
			mainGroup = A54DB0A025EA547A004FE8BC;
			productRefGroup = A54DB0AA25EA547A004FE8BC /* Products */;
			projectDirPath = "";
			projectRoot = "";
			targets = (
				A54DB0A825EA547A004FE8BC /* Memorize */,
			);
		};
/* End PBXProject section */

/* Begin PBXResourcesBuildPhase section */
		A54DB0A725EA547A004FE8BC /* Resources */ = {
			isa = PBXResourcesBuildPhase;
			buildActionMask = 2147483647;
			files = (
				A54DB0B925EA547B004FE8BC /* LaunchScreen.storyboard in Resources */,
				A54DB0B625EA547B004FE8BC /* Preview Assets.xcassets in Resources */,
				5ACB38B226667FAA00B211F4 /* README.md in Resources */,
				A54DB0B325EA547B004FE8BC /* Assets.xcassets in Resources */,
			);
			runOnlyForDeploymentPostprocessing = 0;
		};
/* End PBXResourcesBuildPhase section */

/* Begin PBXSourcesBuildPhase section */
		A54DB0A525EA547A004FE8BC /* Sources */ = {
			isa = PBXSourcesBuildPhase;
			buildActionMask = 2147483647;
			files = (
				5ACB38C126690EA000B211F4 /* ThemeEditor.swift in Sources */,
				A5DCC46925EBB0FA009E8B00 /* MemoryGame.swift in Sources */,
				5A4390CB25FAACC000A92D72 /* Array+Only.swift in Sources */,
				5ACB38C426691D4F00B211F4 /* MemorizeApp.swift in Sources */,
				A54DB0B125EA547A004FE8BC /* EmojiMemoryGameView.swift in Sources */,
				A5DCC46C25EBB360009E8B00 /* EmojiMemoryGame.swift in Sources */,
				5A3B24FA2625A52900A8A244 /* Cardify.swift in Sources */,
				5A4390C825F8CF4300A92D72 /* Array+Identifiable.swift in Sources */,
				5ACB38B52666831700B211F4 /* ThemeChooserView.swift in Sources */,
				5ACB38B82666838100B211F4 /* ThemeChooser.swift in Sources */,
				5AE540B426064D51000605A3 /* View+Print.swift in Sources */,
				5A3B24F72624A06D00A8A244 /* Pie.swift in Sources */,
				5A4390C525F6543800A92D72 /* GridLayout.swift in Sources */,
				5A4390C225F53E9300A92D72 /* Grid.swift in Sources */,
			);
			runOnlyForDeploymentPostprocessing = 0;
		};
/* End PBXSourcesBuildPhase section */

/* Begin PBXVariantGroup section */
		A54DB0B725EA547B004FE8BC /* LaunchScreen.storyboard */ = {
			isa = PBXVariantGroup;
			children = (
				A54DB0B825EA547B004FE8BC /* Base */,
			);
			name = LaunchScreen.storyboard;
			sourceTree = "<group>";
		};
/* End PBXVariantGroup section */

/* Begin XCBuildConfiguration section */
		A54DB0BB25EA547B004FE8BC /* Debug */ = {
			isa = XCBuildConfiguration;
			buildSettings = {
				ALWAYS_SEARCH_USER_PATHS = NO;
				CLANG_ANALYZER_NONNULL = YES;
				CLANG_ANALYZER_NUMBER_OBJECT_CONVERSION = YES_AGGRESSIVE;
				CLANG_CXX_LANGUAGE_STANDARD = "gnu++14";
				CLANG_CXX_LIBRARY = "libc++";
				CLANG_ENABLE_MODULES = YES;
				CLANG_ENABLE_OBJC_ARC = YES;
				CLANG_ENABLE_OBJC_WEAK = YES;
				CLANG_WARN_BLOCK_CAPTURE_AUTORELEASING = YES;
				CLANG_WARN_BOOL_CONVERSION = YES;
				CLANG_WARN_COMMA = YES;
				CLANG_WARN_CONSTANT_CONVERSION = YES;
				CLANG_WARN_DEPRECATED_OBJC_IMPLEMENTATIONS = YES;
				CLANG_WARN_DIRECT_OBJC_ISA_USAGE = YES_ERROR;
				CLANG_WARN_DOCUMENTATION_COMMENTS = YES;
				CLANG_WARN_EMPTY_BODY = YES;
				CLANG_WARN_ENUM_CONVERSION = YES;
				CLANG_WARN_INFINITE_RECURSION = YES;
				CLANG_WARN_INT_CONVERSION = YES;
				CLANG_WARN_NON_LITERAL_NULL_CONVERSION = YES;
				CLANG_WARN_OBJC_IMPLICIT_RETAIN_SELF = YES;
				CLANG_WARN_OBJC_LITERAL_CONVERSION = YES;
				CLANG_WARN_OBJC_ROOT_CLASS = YES_ERROR;
				CLANG_WARN_QUOTED_INCLUDE_IN_FRAMEWORK_HEADER = YES;
				CLANG_WARN_RANGE_LOOP_ANALYSIS = YES;
				CLANG_WARN_STRICT_PROTOTYPES = YES;
				CLANG_WARN_SUSPICIOUS_MOVE = YES;
				CLANG_WARN_UNGUARDED_AVAILABILITY = YES_AGGRESSIVE;
				CLANG_WARN_UNREACHABLE_CODE = YES;
				CLANG_WARN__DUPLICATE_METHOD_MATCH = YES;
				COPY_PHASE_STRIP = NO;
				DEBUG_INFORMATION_FORMAT = dwarf;
				ENABLE_STRICT_OBJC_MSGSEND = YES;
				ENABLE_TESTABILITY = YES;
				GCC_C_LANGUAGE_STANDARD = gnu11;
				GCC_DYNAMIC_NO_PIC = NO;
				GCC_NO_COMMON_BLOCKS = YES;
				GCC_OPTIMIZATION_LEVEL = 0;
				GCC_PREPROCESSOR_DEFINITIONS = (
					"DEBUG=1",
					"$(inherited)",
				);
				GCC_WARN_64_TO_32_BIT_CONVERSION = YES;
				GCC_WARN_ABOUT_RETURN_TYPE = YES_ERROR;
				GCC_WARN_UNDECLARED_SELECTOR = YES;
				GCC_WARN_UNINITIALIZED_AUTOS = YES_AGGRESSIVE;
				GCC_WARN_UNUSED_FUNCTION = YES;
				GCC_WARN_UNUSED_VARIABLE = YES;
				IPHONEOS_DEPLOYMENT_TARGET = 14.5;
				MTL_ENABLE_DEBUG_INFO = INCLUDE_SOURCE;
				MTL_FAST_MATH = YES;
				ONLY_ACTIVE_ARCH = YES;
				SDKROOT = iphoneos;
				SWIFT_ACTIVE_COMPILATION_CONDITIONS = DEBUG;
				SWIFT_OPTIMIZATION_LEVEL = "-Onone";
			};
			name = Debug;
		};
		A54DB0BC25EA547B004FE8BC /* Release */ = {
			isa = XCBuildConfiguration;
			buildSettings = {
				ALWAYS_SEARCH_USER_PATHS = NO;
				CLANG_ANALYZER_NONNULL = YES;
				CLANG_ANALYZER_NUMBER_OBJECT_CONVERSION = YES_AGGRESSIVE;
				CLANG_CXX_LANGUAGE_STANDARD = "gnu++14";
				CLANG_CXX_LIBRARY = "libc++";
				CLANG_ENABLE_MODULES = YES;
				CLANG_ENABLE_OBJC_ARC = YES;
				CLANG_ENABLE_OBJC_WEAK = YES;
				CLANG_WARN_BLOCK_CAPTURE_AUTORELEASING = YES;
				CLANG_WARN_BOOL_CONVERSION = YES;
				CLANG_WARN_COMMA = YES;
				CLANG_WARN_CONSTANT_CONVERSION = YES;
				CLANG_WARN_DEPRECATED_OBJC_IMPLEMENTATIONS = YES;
				CLANG_WARN_DIRECT_OBJC_ISA_USAGE = YES_ERROR;
				CLANG_WARN_DOCUMENTATION_COMMENTS = YES;
				CLANG_WARN_EMPTY_BODY = YES;
				CLANG_WARN_ENUM_CONVERSION = YES;
				CLANG_WARN_INFINITE_RECURSION = YES;
				CLANG_WARN_INT_CONVERSION = YES;
				CLANG_WARN_NON_LITERAL_NULL_CONVERSION = YES;
				CLANG_WARN_OBJC_IMPLICIT_RETAIN_SELF = YES;
				CLANG_WARN_OBJC_LITERAL_CONVERSION = YES;
				CLANG_WARN_OBJC_ROOT_CLASS = YES_ERROR;
				CLANG_WARN_QUOTED_INCLUDE_IN_FRAMEWORK_HEADER = YES;
				CLANG_WARN_RANGE_LOOP_ANALYSIS = YES;
				CLANG_WARN_STRICT_PROTOTYPES = YES;
				CLANG_WARN_SUSPICIOUS_MOVE = YES;
				CLANG_WARN_UNGUARDED_AVAILABILITY = YES_AGGRESSIVE;
				CLANG_WARN_UNREACHABLE_CODE = YES;
				CLANG_WARN__DUPLICATE_METHOD_MATCH = YES;
				COPY_PHASE_STRIP = NO;
				DEBUG_INFORMATION_FORMAT = "dwarf-with-dsym";
				ENABLE_NS_ASSERTIONS = NO;
				ENABLE_STRICT_OBJC_MSGSEND = YES;
				GCC_C_LANGUAGE_STANDARD = gnu11;
				GCC_NO_COMMON_BLOCKS = YES;
				GCC_WARN_64_TO_32_BIT_CONVERSION = YES;
				GCC_WARN_ABOUT_RETURN_TYPE = YES_ERROR;
				GCC_WARN_UNDECLARED_SELECTOR = YES;
				GCC_WARN_UNINITIALIZED_AUTOS = YES_AGGRESSIVE;
				GCC_WARN_UNUSED_FUNCTION = YES;
				GCC_WARN_UNUSED_VARIABLE = YES;
				IPHONEOS_DEPLOYMENT_TARGET = 14.5;
				MTL_ENABLE_DEBUG_INFO = NO;
				MTL_FAST_MATH = YES;
				SDKROOT = iphoneos;
				SWIFT_COMPILATION_MODE = wholemodule;
				SWIFT_OPTIMIZATION_LEVEL = "-O";
				VALIDATE_PRODUCT = YES;
			};
			name = Release;
		};
		A54DB0BE25EA547B004FE8BC /* Debug */ = {
			isa = XCBuildConfiguration;
			buildSettings = {
				ASSETCATALOG_COMPILER_APPICON_NAME = AppIcon;
				ASSETCATALOG_COMPILER_GLOBAL_ACCENT_COLOR_NAME = AccentColor;
				CODE_SIGN_STYLE = Automatic;
				DEVELOPMENT_ASSET_PATHS = "\"Memorize/Preview Content\"";
				DEVELOPMENT_TEAM = 34NJBRFDU4;
				ENABLE_PREVIEWS = YES;
				INFOPLIST_FILE = Memorize/Info.plist;
				IPHONEOS_DEPLOYMENT_TARGET = 14.5;
				LD_RUNPATH_SEARCH_PATHS = (
					"$(inherited)",
					"@executable_path/Frameworks",
				);
				PRODUCT_BUNDLE_IDENTIFIER = com.mmm.Memorize;
				PRODUCT_NAME = "$(TARGET_NAME)";
				SWIFT_VERSION = 5.0;
				TARGETED_DEVICE_FAMILY = "1,2";
			};
			name = Debug;
		};
		A54DB0BF25EA547B004FE8BC /* Release */ = {
			isa = XCBuildConfiguration;
			buildSettings = {
				ASSETCATALOG_COMPILER_APPICON_NAME = AppIcon;
				ASSETCATALOG_COMPILER_GLOBAL_ACCENT_COLOR_NAME = AccentColor;
				CODE_SIGN_STYLE = Automatic;
				DEVELOPMENT_ASSET_PATHS = "\"Memorize/Preview Content\"";
				DEVELOPMENT_TEAM = 34NJBRFDU4;
				ENABLE_PREVIEWS = YES;
				INFOPLIST_FILE = Memorize/Info.plist;
				IPHONEOS_DEPLOYMENT_TARGET = 14.5;
				LD_RUNPATH_SEARCH_PATHS = (
					"$(inherited)",
					"@executable_path/Frameworks",
				);
				PRODUCT_BUNDLE_IDENTIFIER = com.mmm.Memorize;
				PRODUCT_NAME = "$(TARGET_NAME)";
				SWIFT_VERSION = 5.0;
				TARGETED_DEVICE_FAMILY = "1,2";
			};
			name = Release;
		};
/* End XCBuildConfiguration section */

/* Begin XCConfigurationList section */
		A54DB0A425EA547A004FE8BC /* Build configuration list for PBXProject "Memorize" */ = {
			isa = XCConfigurationList;
			buildConfigurations = (
				A54DB0BB25EA547B004FE8BC /* Debug */,
				A54DB0BC25EA547B004FE8BC /* Release */,
			);
			defaultConfigurationIsVisible = 0;
			defaultConfigurationName = Release;
		};
		A54DB0BD25EA547B004FE8BC /* Build configuration list for PBXNativeTarget "Memorize" */ = {
			isa = XCConfigurationList;
			buildConfigurations = (
				A54DB0BE25EA547B004FE8BC /* Debug */,
				A54DB0BF25EA547B004FE8BC /* Release */,
			);
			defaultConfigurationIsVisible = 0;
			defaultConfigurationName = Release;
		};
/* End XCConfigurationList section */
	};
	rootObject = A54DB0A125EA547A004FE8BC /* Project object */;
}
